
Microsoft Visual Studio Solution File, Format Version 12.00
# Visual Studio Version 16
VisualStudioVersion = 16.0.31129.286
MinimumVisualStudioVersion = 10.0.40219.1
Project("{FAE04EC0-301F-11D3-BF4B-00C04F79EFBC}") = "WpfSQLapp", "WpfSQLapp.csproj", "{53DFA2F1-FC0A-455D-AB33-50C96E9006A5}"
EndProject
Global
	GlobalSection(SolutionConfigurationPlatforms) = preSolution
		Debug|Any CPU = Debug|Any CPU
		Release|Any CPU = Release|Any CPU
	EndGlobalSection
	GlobalSection(ProjectConfigurationPlatforms) = postSolution
		{53DFA2F1-FC0A-455D-AB33-50C96E9006A5}.Debug|Any CPU.ActiveCfg = Debug|Any CPU
		{53DFA2F1-FC0A-455D-AB33-50C96E9006A5}.Debug|Any CPU.Build.0 = Debug|Any CPU
		{53DFA2F1-FC0A-455D-AB33-50C96E9006A5}.Release|Any CPU.ActiveCfg = Release|Any CPU
		{53DFA2F1-FC0A-455D-AB33-50C96E9006A5}.Release|Any CPU.Build.0 = Release|Any CPU
	EndGlobalSection
	GlobalSection(SolutionProperties) = preSolution
		HideSolutionNode = FALSE
	EndGlobalSection
	GlobalSection(ExtensibilityGlobals) = postSolution
		SolutionGuid = {9C6C243E-B0A1-4E74-9D62-51B6E5B44D6B}
	EndGlobalSection
EndGlobal
